{
  "name": "react-modele",
  "version": "0.1.0",
  "lockfileVersion": 1,
  "requires": true,
  "dependencies": {
    "react-full-page": {
      "version": "0.1.5",
      "resolved": "https://registry.npmjs.org/react-full-page/-/react-full-page-0.1.5.tgz",
      "integrity": "sha512-d41UyldOuXMoKpwwPp9mPhBkTEHua01au94TkGj2CffDsFvyNN7qPTmwUWU8i2MVLzQwXFe390W2rq4FDin0hA=="
    }
  }
}
